schema: '2.0'
stages:
  data_ingestion:
    cmd: python3 emotion-detection/src/data/data_ingestion.py
    deps:
    - path: emotion-detection/src/data/data_ingestion.py
      hash: md5
      md5: 2b6125c5e066c4395dba95bf79e4b3e6
      size: 3532
    params:
      params.yaml:
        data_ingestion.test_size: 0.4
    outs:
    - path: emotion-detection/data/raw
      hash: md5
      md5: ead5f5864b14f44a1d916f1148a279f7.dir
      size: 817597
      nfiles: 2
  data_preprocessing:
    cmd: python3 emotion-detection/src/data/data_preprocessing.py
    deps:
    - path: emotion-detection/data/raw
      hash: md5
      md5: ead5f5864b14f44a1d916f1148a279f7.dir
      size: 817597
      nfiles: 2
    - path: emotion-detection/src/data/data_preprocessing.py
      hash: md5
      md5: e52c3c7d045c8b71746e507d6b490a8d
      size: 3925
    outs:
    - path: emotion-detection/data/interim
      hash: md5
      md5: 414d8d63eda67174b8064acf376d801b.dir
      size: 555834
      nfiles: 2
  feature_engineering:
    cmd: python3 emotion-detection/src/features/feature_engineering.py
    deps:
    - path: emotion-detection/data/interim
      hash: md5
      md5: 414d8d63eda67174b8064acf376d801b.dir
      size: 555834
      nfiles: 2
    - path: emotion-detection/src/features/feature_engineering.py
      hash: md5
      md5: a9220e66c39d7c247ce48332bd45eb99
      size: 3782
    params:
      params.yaml:
        feature_engineering.max_features: 50
    outs:
    - path: emotion-detection/data/processed
      hash: md5
      md5: 32f559ed46f429d430d65e01ec794aec.dir
      size: 1058440
      nfiles: 2
  model_building:
    cmd: python3 emotion-detection/src/models/model_building.py
    deps:
    - path: emotion-detection/data/processed
      hash: md5
      md5: 32f559ed46f429d430d65e01ec794aec.dir
      size: 1058440
      nfiles: 2
    - path: emotion-detection/src/models/model_building.py
      hash: md5
      md5: c4fe9b5fa854717c07c8e0639aeb9096
      size: 3083
    params:
      params.yaml:
        model_building.learning_rate: 0.1
        model_building.n_estimators: 50
    outs:
    - path: emotion-detection/models/model.pkl
      hash: md5
      md5: 0afc3d52542bad5d3eea9108dcacdf73
      size: 72893
  model_evaluation:
    cmd: python3 emotion-detection/src/models/model_evaluation.py
    deps:
    - path: emotion-detection/models/model.pkl
      hash: md5
      md5: 0afc3d52542bad5d3eea9108dcacdf73
      size: 72893
    - path: emotion-detection/src/models/model_evaluation.py
      hash: md5
      md5: 48ab3cfc45a516a88f1d1f4d2439ee4b
      size: 3398
    outs:
    - path: emotion-detection/reports/metrics.json
      hash: md5
      md5: 14a7fda0d69dbbbde1c751c54f6f1f05
      size: 140
