schema: '2.0'
stages:
  data_ingestion:
    cmd: python3 emotion-detection/src/data/data_ingestion.py
    deps:
    - path: emotion-detection/src/data/data_ingestion.py
      hash: md5
      md5: 2b6125c5e066c4395dba95bf79e4b3e6
      size: 3532
    params:
      params.yaml:
        data_ingestion.test_size: 0.4
    outs:
    - path: emotion-detection/data/raw
      hash: md5
      md5: ead5f5864b14f44a1d916f1148a279f7.dir
      size: 817597
      nfiles: 2
  data_preprocessing:
    cmd: python3 emotion-detection/src/data/data_preprocessing.py
    deps:
    - path: emotion-detection/data/raw
      hash: md5
      md5: ead5f5864b14f44a1d916f1148a279f7.dir
      size: 817597
      nfiles: 2
    - path: emotion-detection/src/data/data_preprocessing.py
      hash: md5
      md5: e52c3c7d045c8b71746e507d6b490a8d
      size: 3925
    outs:
    - path: emotion-detection/data/interim
      hash: md5
      md5: 414d8d63eda67174b8064acf376d801b.dir
      size: 555834
      nfiles: 2
  feature_engineering:
    cmd: python3 emotion-detection/src/features/feature_engineering.py
    deps:
    - path: emotion-detection/data/interim
      hash: md5
      md5: 414d8d63eda67174b8064acf376d801b.dir
      size: 555834
      nfiles: 2
    - path: emotion-detection/src/features/feature_engineering.py
      hash: md5
      md5: ecffb5ee9ab71c70c32aec6b4c2f4445
      size: 3729
    params:
      params.yaml:
        feature_engineering.max_features: 50
    outs:
    - path: emotion-detection/data/processed
      hash: md5
      md5: 90ed9937a88aac07e15012c2060fe719.dir
      size: 2318446
      nfiles: 2
  model_building:
    cmd: python3 emotion-detection/src/models/model_building.py
    deps:
    - path: emotion-detection/data/processed
      hash: md5
      md5: 90ed9937a88aac07e15012c2060fe719.dir
      size: 2318446
      nfiles: 2
    - path: emotion-detection/src/models/model_building.py
      hash: md5
      md5: bb1e2fda51b9f31f9decaaf4e4ccf04e
      size: 3085
    params:
      params.yaml:
        model_building.learning_rate: 0.1
        model_building.n_estimators: 50
    outs:
    - path: emotion-detection/models/model.pkl
      hash: md5
      md5: 2189137f4dfa6da2fcc8fedcd03ad15b
      size: 70733
  model_evaluation:
    cmd: python3 emotion-detection/src/models/model_evaluation.py
    deps:
    - path: emotion-detection/models/model.pkl
      hash: md5
      md5: 2189137f4dfa6da2fcc8fedcd03ad15b
      size: 70733
    - path: emotion-detection/src/models/model_evaluation.py
      hash: md5
      md5: ab6e12d2eed4022b47402323b803a253
      size: 3400
    outs:
    - path: emotion-detection/reports/metrics.json
      hash: md5
      md5: 7e59192f6ed5b6bb8cbb6a6546f109c5
      size: 126
